
Microsoft Visual Studio Solution File, Format Version 12.00
# Visual Studio Version 16
VisualStudioVersion = 16.0.31205.134
MinimumVisualStudioVersion = 10.0.40219.1
Project("{FAE04EC0-301F-11D3-BF4B-00C04F79EFBC}") = "DiTriggeredDoLightApp", "DiTriggeredDoLedApp\DiTriggeredDoLightApp.csproj", "{62A9E4F4-4956-4C1C-AB39-9566ABFF96BB}"
EndProject
Project("{FAE04EC0-301F-11D3-BF4B-00C04F79EFBC}") = "AdvantechIcamImageTakeExampleApp", "AdvantechIcamImageTakeExampleApp\AdvantechIcamImageTakeExampleApp.csproj", "{AB6EDFBE-7C7D-4254-B248-B873C762165C}"
EndProject
Project("{FAE04EC0-301F-11D3-BF4B-00C04F79EFBC}") = "TriggeredImageTakerApp", "TriggeredImageTakerApp\TriggeredImageTakerApp.csproj", "{53702DD7-1878-4CDF-89AE-605AC117F366}"
EndProject
Global
	GlobalSection(SolutionConfigurationPlatforms) = preSolution
		Debug|Any CPU = Debug|Any CPU
		Debug|x64 = Debug|x64
		Release|Any CPU = Release|Any CPU
		Release|x64 = Release|x64
	EndGlobalSection
	GlobalSection(ProjectConfigurationPlatforms) = postSolution
		{62A9E4F4-4956-4C1C-AB39-9566ABFF96BB}.Debug|Any CPU.ActiveCfg = Debug|Any CPU
		{62A9E4F4-4956-4C1C-AB39-9566ABFF96BB}.Debug|Any CPU.Build.0 = Debug|Any CPU
		{62A9E4F4-4956-4C1C-AB39-9566ABFF96BB}.Debug|x64.ActiveCfg = Debug|x64
		{62A9E4F4-4956-4C1C-AB39-9566ABFF96BB}.Debug|x64.Build.0 = Debug|x64
		{62A9E4F4-4956-4C1C-AB39-9566ABFF96BB}.Release|Any CPU.ActiveCfg = Release|Any CPU
		{62A9E4F4-4956-4C1C-AB39-9566ABFF96BB}.Release|Any CPU.Build.0 = Release|Any CPU
		{62A9E4F4-4956-4C1C-AB39-9566ABFF96BB}.Release|x64.ActiveCfg = Release|x64
		{62A9E4F4-4956-4C1C-AB39-9566ABFF96BB}.Release|x64.Build.0 = Release|x64
		{AB6EDFBE-7C7D-4254-B248-B873C762165C}.Debug|Any CPU.ActiveCfg = Debug|Any CPU
		{AB6EDFBE-7C7D-4254-B248-B873C762165C}.Debug|Any CPU.Build.0 = Debug|Any CPU
		{AB6EDFBE-7C7D-4254-B248-B873C762165C}.Debug|x64.ActiveCfg = Debug|x64
		{AB6EDFBE-7C7D-4254-B248-B873C762165C}.Debug|x64.Build.0 = Debug|x64
		{AB6EDFBE-7C7D-4254-B248-B873C762165C}.Release|Any CPU.ActiveCfg = Release|Any CPU
		{AB6EDFBE-7C7D-4254-B248-B873C762165C}.Release|Any CPU.Build.0 = Release|Any CPU
		{AB6EDFBE-7C7D-4254-B248-B873C762165C}.Release|x64.ActiveCfg = Release|x64
		{AB6EDFBE-7C7D-4254-B248-B873C762165C}.Release|x64.Build.0 = Release|x64
		{53702DD7-1878-4CDF-89AE-605AC117F366}.Debug|Any CPU.ActiveCfg = Debug|Any CPU
		{53702DD7-1878-4CDF-89AE-605AC117F366}.Debug|Any CPU.Build.0 = Debug|Any CPU
		{53702DD7-1878-4CDF-89AE-605AC117F366}.Debug|x64.ActiveCfg = Debug|Any CPU
		{53702DD7-1878-4CDF-89AE-605AC117F366}.Debug|x64.Build.0 = Debug|Any CPU
		{53702DD7-1878-4CDF-89AE-605AC117F366}.Release|Any CPU.ActiveCfg = Release|Any CPU
		{53702DD7-1878-4CDF-89AE-605AC117F366}.Release|Any CPU.Build.0 = Release|Any CPU
		{53702DD7-1878-4CDF-89AE-605AC117F366}.Release|x64.ActiveCfg = Release|Any CPU
		{53702DD7-1878-4CDF-89AE-605AC117F366}.Release|x64.Build.0 = Release|Any CPU
	EndGlobalSection
	GlobalSection(SolutionProperties) = preSolution
		HideSolutionNode = FALSE
	EndGlobalSection
	GlobalSection(ExtensibilityGlobals) = postSolution
		SolutionGuid = {2D3D693D-32BE-4A79-A172-0D7A9D775BEE}
	EndGlobalSection
EndGlobal
